
Microsoft Visual Studio Solution File, Format Version 12.00
# Visual Studio Version 17
VisualStudioVersion = 17.2.32616.157
MinimumVisualStudioVersion = 10.0.40219.1
Project("{9A19103F-16F7-4668-BE54-9A1E7A4F7556}") = "AndroidSyncControl", "AndroidSyncControl\AndroidSyncControl.csproj", "{A6AF9611-67C6-4897-AD14-1D1386E11034}"
EndProject
Global
	GlobalSection(SolutionConfigurationPlatforms) = preSolution
		Debug|Any CPU = Debug|Any CPU
		Debug|x64 = Debug|x64
		Release|Any CPU = Release|Any CPU
		Release|x64 = Release|x64
	EndGlobalSection
	GlobalSection(ProjectConfigurationPlatforms) = postSolution
		{A6AF9611-67C6-4897-AD14-1D1386E11034}.Debug|Any CPU.ActiveCfg = Debug|x64
		{A6AF9611-67C6-4897-AD14-1D1386E11034}.Debug|Any CPU.Build.0 = Debug|x64
		{A6AF9611-67C6-4897-AD14-1D1386E11034}.Debug|x64.ActiveCfg = Debug|x64
		{A6AF9611-67C6-4897-AD14-1D1386E11034}.Debug|x64.Build.0 = Debug|x64
		{A6AF9611-67C6-4897-AD14-1D1386E11034}.Release|Any CPU.ActiveCfg = Release|x64
		{A6AF9611-67C6-4897-AD14-1D1386E11034}.Release|Any CPU.Build.0 = Release|x64
		{A6AF9611-67C6-4897-AD14-1D1386E11034}.Release|x64.ActiveCfg = Release|x64
		{A6AF9611-67C6-4897-AD14-1D1386E11034}.Release|x64.Build.0 = Release|x64
	EndGlobalSection
	GlobalSection(SolutionProperties) = preSolution
		HideSolutionNode = FALSE
	EndGlobalSection
	GlobalSection(ExtensibilityGlobals) = postSolution
		SolutionGuid = {5B317EB2-05E8-4CEB-8FEC-4B35F39FF702}
	EndGlobalSection
EndGlobal
